
Microsoft Visual Studio Solution File, Format Version 12.00
# Visual Studio Version 16
VisualStudioVersion = 16.6.30114.105
MinimumVisualStudioVersion = 10.0.40219.1
Project("{FAE04EC0-301F-11D3-BF4B-00C04F79EFBC}") = "PizzaBox.Client", "PizzaBox.Client\PizzaBox.Client.csproj", "{A7D6C294-803B-4FD6-93FC-3055CE9A39BD}"
EndProject
Project("{FAE04EC0-301F-11D3-BF4B-00C04F79EFBC}") = "PizzaBox.Domain", "PizzaBox.Domain\PizzaBox.Domain.csproj", "{A1C21B8F-CA6D-46A5-AEF0-3EF32842E02A}"
EndProject
Project("{FAE04EC0-301F-11D3-BF4B-00C04F79EFBC}") = "PizzaBox.Storing", "PizzaBox.Storing\PizzaBox.Storing.csproj", "{C87D97F6-D778-4056-97C9-232E5E7395C0}"
EndProject
Project("{FAE04EC0-301F-11D3-BF4B-00C04F79EFBC}") = "PizzaBox.Testing", "PizzaBox.Testing\PizzaBox.Testing.csproj", "{42CD5AF2-4F76-4369-B0A2-920B0DC13268}"
EndProject
Global
	GlobalSection(SolutionConfigurationPlatforms) = preSolution
		Debug|Any CPU = Debug|Any CPU
		Debug|x64 = Debug|x64
		Debug|x86 = Debug|x86
		Release|Any CPU = Release|Any CPU
		Release|x64 = Release|x64
		Release|x86 = Release|x86
	EndGlobalSection
	GlobalSection(SolutionProperties) = preSolution
		HideSolutionNode = FALSE
	EndGlobalSection
	GlobalSection(ProjectConfigurationPlatforms) = postSolution
		{A7D6C294-803B-4FD6-93FC-3055CE9A39BD}.Debug|Any CPU.ActiveCfg = Debug|Any CPU
		{A7D6C294-803B-4FD6-93FC-3055CE9A39BD}.Debug|Any CPU.Build.0 = Debug|Any CPU
		{A7D6C294-803B-4FD6-93FC-3055CE9A39BD}.Debug|x64.ActiveCfg = Debug|Any CPU
		{A7D6C294-803B-4FD6-93FC-3055CE9A39BD}.Debug|x64.Build.0 = Debug|Any CPU
		{A7D6C294-803B-4FD6-93FC-3055CE9A39BD}.Debug|x86.ActiveCfg = Debug|Any CPU
		{A7D6C294-803B-4FD6-93FC-3055CE9A39BD}.Debug|x86.Build.0 = Debug|Any CPU
		{A7D6C294-803B-4FD6-93FC-3055CE9A39BD}.Release|Any CPU.ActiveCfg = Release|Any CPU
		{A7D6C294-803B-4FD6-93FC-3055CE9A39BD}.Release|Any CPU.Build.0 = Release|Any CPU
		{A7D6C294-803B-4FD6-93FC-3055CE9A39BD}.Release|x64.ActiveCfg = Release|Any CPU
		{A7D6C294-803B-4FD6-93FC-3055CE9A39BD}.Release|x64.Build.0 = Release|Any CPU
		{A7D6C294-803B-4FD6-93FC-3055CE9A39BD}.Release|x86.ActiveCfg = Release|Any CPU
		{A7D6C294-803B-4FD6-93FC-3055CE9A39BD}.Release|x86.Build.0 = Release|Any CPU
		{A1C21B8F-CA6D-46A5-AEF0-3EF32842E02A}.Debug|Any CPU.ActiveCfg = Debug|Any CPU
		{A1C21B8F-CA6D-46A5-AEF0-3EF32842E02A}.Debug|Any CPU.Build.0 = Debug|Any CPU
		{A1C21B8F-CA6D-46A5-AEF0-3EF32842E02A}.Debug|x64.ActiveCfg = Debug|Any CPU
		{A1C21B8F-CA6D-46A5-AEF0-3EF32842E02A}.Debug|x64.Build.0 = Debug|Any CPU
		{A1C21B8F-CA6D-46A5-AEF0-3EF32842E02A}.Debug|x86.ActiveCfg = Debug|Any CPU
		{A1C21B8F-CA6D-46A5-AEF0-3EF32842E02A}.Debug|x86.Build.0 = Debug|Any CPU
		{A1C21B8F-CA6D-46A5-AEF0-3EF32842E02A}.Release|Any CPU.ActiveCfg = Release|Any CPU
		{A1C21B8F-CA6D-46A5-AEF0-3EF32842E02A}.Release|Any CPU.Build.0 = Release|Any CPU
		{A1C21B8F-CA6D-46A5-AEF0-3EF32842E02A}.Release|x64.ActiveCfg = Release|Any CPU
		{A1C21B8F-CA6D-46A5-AEF0-3EF32842E02A}.Release|x64.Build.0 = Release|Any CPU
		{A1C21B8F-CA6D-46A5-AEF0-3EF32842E02A}.Release|x86.ActiveCfg = Release|Any CPU
		{A1C21B8F-CA6D-46A5-AEF0-3EF32842E02A}.Release|x86.Build.0 = Release|Any CPU
		{C87D97F6-D778-4056-97C9-232E5E7395C0}.Debug|Any CPU.ActiveCfg = Debug|Any CPU
		{C87D97F6-D778-4056-97C9-232E5E7395C0}.Debug|Any CPU.Build.0 = Debug|Any CPU
		{C87D97F6-D778-4056-97C9-232E5E7395C0}.Debug|x64.ActiveCfg = Debug|Any CPU
		{C87D97F6-D778-4056-97C9-232E5E7395C0}.Debug|x64.Build.0 = Debug|Any CPU
		{C87D97F6-D778-4056-97C9-232E5E7395C0}.Debug|x86.ActiveCfg = Debug|Any CPU
		{C87D97F6-D778-4056-97C9-232E5E7395C0}.Debug|x86.Build.0 = Debug|Any CPU
		{C87D97F6-D778-4056-97C9-232E5E7395C0}.Release|Any CPU.ActiveCfg = Release|Any CPU
		{C87D97F6-D778-4056-97C9-232E5E7395C0}.Release|Any CPU.Build.0 = Release|Any CPU
		{C87D97F6-D778-4056-97C9-232E5E7395C0}.Release|x64.ActiveCfg = Release|Any CPU
		{C87D97F6-D778-4056-97C9-232E5E7395C0}.Release|x64.Build.0 = Release|Any CPU
		{C87D97F6-D778-4056-97C9-232E5E7395C0}.Release|x86.ActiveCfg = Release|Any CPU
		{C87D97F6-D778-4056-97C9-232E5E7395C0}.Release|x86.Build.0 = Release|Any CPU
		{42CD5AF2-4F76-4369-B0A2-920B0DC13268}.Debug|Any CPU.ActiveCfg = Debug|Any CPU
		{42CD5AF2-4F76-4369-B0A2-920B0DC13268}.Debug|Any CPU.Build.0 = Debug|Any CPU
		{42CD5AF2-4F76-4369-B0A2-920B0DC13268}.Debug|x64.ActiveCfg = Debug|Any CPU
		{42CD5AF2-4F76-4369-B0A2-920B0DC13268}.Debug|x64.Build.0 = Debug|Any CPU
		{42CD5AF2-4F76-4369-B0A2-920B0DC13268}.Debug|x86.ActiveCfg = Debug|Any CPU
		{42CD5AF2-4F76-4369-B0A2-920B0DC13268}.Debug|x86.Build.0 = Debug|Any CPU
		{42CD5AF2-4F76-4369-B0A2-920B0DC13268}.Release|Any CPU.ActiveCfg = Release|Any CPU
		{42CD5AF2-4F76-4369-B0A2-920B0DC13268}.Release|Any CPU.Build.0 = Release|Any CPU
		{42CD5AF2-4F76-4369-B0A2-920B0DC13268}.Release|x64.ActiveCfg = Release|Any CPU
		{42CD5AF2-4F76-4369-B0A2-920B0DC13268}.Release|x64.Build.0 = Release|Any CPU
		{42CD5AF2-4F76-4369-B0A2-920B0DC13268}.Release|x86.ActiveCfg = Release|Any CPU
		{42CD5AF2-4F76-4369-B0A2-920B0DC13268}.Release|x86.Build.0 = Release|Any CPU
	EndGlobalSection
EndGlobal
